DEPENDENCIES
  chef-teamcity
    path: .
    metadata: true
  java (~> 1.28.0)
  postgresql (~> 3.4.10)

GRAPH
  apt (2.6.0)
  build-essential (2.1.3)
  chef-sugar (2.4.1)
  chef-teamcity (0.7.0)
    java (>= 0.0.0)
  java (1.28.0)
  openssl (2.0.0)
    chef-sugar (>= 0.0.0)
  postgresql (3.4.14)
    apt (>= 1.9.0)
    build-essential (>= 0.0.0)
    openssl (>= 0.0.0)
