DEPENDENCIES
  chef-teamcity
    path: .
    metadata: true
  git (~> 4.1.0)
  java (~> 1.28.0)
  postgresql (~> 3.4.10)

GRAPH
  apt (7.2.0)
  build-essential (8.2.1)
    mingw (>= 1.1)
    seven_zip (>= 0.0.0)
  chef-teamcity (1.0.2)
    git (>= 0.0.0)
    java (>= 0.0.0)
  dmg (4.1.1)
  git (4.1.0)
    build-essential (>= 0.0.0)
    dmg (>= 0.0.0)
    runit (>= 1.0)
    windows (>= 0.0.0)
    yum (~> 3.0)
    yum-epel (>= 0.0.0)
  java (1.28.0)
  mingw (2.1.0)
    seven_zip (>= 0.0.0)
  openssl (8.5.5)
  packagecloud (1.0.1)
  postgresql (3.4.16)
    apt (>= 1.9.0)
    build-essential (>= 0.0.0)
    openssl (>= 0.0.0)
  runit (5.1.2)
    packagecloud (>= 0.0.0)
    yum-epel (>= 0.0.0)
  seven_zip (3.1.1)
    windows (>= 0.0.0)
  windows (6.0.0)
  yum (3.13.0)
  yum-epel (3.3.0)
